
Microsoft Visual Studio Solution File, Format Version 12.00
# Visual Studio Version 16
VisualStudioVersion = 16.0.31911.196
MinimumVisualStudioVersion = 10.0.40219.1
Project("{9A19103F-16F7-4668-BE54-9A1E7A4F7556}") = "MyRecipes", "MyRecipes\MyRecipes.csproj", "{F2A01474-0246-4BFE-ADC2-791E99ACDD67}"
EndProject
Project("{FAE04EC0-301F-11D3-BF4B-00C04F79EFBC}") = "MyRecipes.Test", "MyRecipes.Test\MyRecipes.Test.csproj", "{B695F148-EEB4-4237-A689-F3E70B1DD9AB}"
EndProject
Global
	GlobalSection(SolutionConfigurationPlatforms) = preSolution
		Debug|Any CPU = Debug|Any CPU
		Release|Any CPU = Release|Any CPU
	EndGlobalSection
	GlobalSection(ProjectConfigurationPlatforms) = postSolution
		{F2A01474-0246-4BFE-ADC2-791E99ACDD67}.Debug|Any CPU.ActiveCfg = Debug|Any CPU
		{F2A01474-0246-4BFE-ADC2-791E99ACDD67}.Debug|Any CPU.Build.0 = Debug|Any CPU
		{F2A01474-0246-4BFE-ADC2-791E99ACDD67}.Release|Any CPU.ActiveCfg = Release|Any CPU
		{F2A01474-0246-4BFE-ADC2-791E99ACDD67}.Release|Any CPU.Build.0 = Release|Any CPU
		{B695F148-EEB4-4237-A689-F3E70B1DD9AB}.Debug|Any CPU.ActiveCfg = Debug|Any CPU
		{B695F148-EEB4-4237-A689-F3E70B1DD9AB}.Debug|Any CPU.Build.0 = Debug|Any CPU
		{B695F148-EEB4-4237-A689-F3E70B1DD9AB}.Release|Any CPU.ActiveCfg = Release|Any CPU
		{B695F148-EEB4-4237-A689-F3E70B1DD9AB}.Release|Any CPU.Build.0 = Release|Any CPU
	EndGlobalSection
	GlobalSection(SolutionProperties) = preSolution
		HideSolutionNode = FALSE
	EndGlobalSection
	GlobalSection(ExtensibilityGlobals) = postSolution
		SolutionGuid = {0E3A14C5-2B56-4EF4-B973-FA359100C4AA}
	EndGlobalSection
EndGlobal
